
Microsoft Visual Studio Solution File, Format Version 12.00
# Visual Studio Version 17
VisualStudioVersion = 17.12.35514.174
MinimumVisualStudioVersion = 10.0.40219.1
Project("{2150E333-8FDC-42A3-9474-1A3956D46DE8}") = "Services", "Services", "{D6FB6801-D6B1-46B5-BC25-71BA2D8A3953}"
EndProject
Project("{2150E333-8FDC-42A3-9474-1A3956D46DE8}") = "Catalog", "Catalog", "{26FB80C4-4B3A-4E54-8E22-75F22C0E3F24}"
EndProject
Project("{FAE04EC0-301F-11D3-BF4B-00C04F79EFBC}") = "MultiShop.Catalog", "Services\Catalog\MultiShop.Catalog\MultiShop.Catalog.csproj", "{F82CEE3D-A894-428C-9AF1-64F69F70AED9}"
EndProject
Project("{2150E333-8FDC-42A3-9474-1A3956D46DE8}") = "Discount", "Discount", "{6913C5E7-F15D-4FBD-8095-E93ACD0ECB0E}"
EndProject
Project("{FAE04EC0-301F-11D3-BF4B-00C04F79EFBC}") = "MultiShop.Discount", "Services\Discount\MultiShop.Discount\MultiShop.Discount.csproj", "{44F6A110-D784-4B7B-BB57-983DED887E63}"
EndProject
Project("{2150E333-8FDC-42A3-9474-1A3956D46DE8}") = "Order", "Order", "{BEB23DCA-0981-4380-9BB3-1893ADC1B8DB}"
EndProject
Project("{2150E333-8FDC-42A3-9474-1A3956D46DE8}") = "Core", "Core", "{2FBEFF81-DE4C-4ED4-8C67-550BD3F95169}"
EndProject
Project("{2150E333-8FDC-42A3-9474-1A3956D46DE8}") = "Infrastructure", "Infrastructure", "{633CC6F6-AA01-4409-8B3A-C3A2B25CAB81}"
EndProject
Project("{2150E333-8FDC-42A3-9474-1A3956D46DE8}") = "Presentation", "Presentation", "{53C66898-65ED-44DC-8387-5424BB4D87DA}"
EndProject
Project("{FAE04EC0-301F-11D3-BF4B-00C04F79EFBC}") = "MultiShop.Order.Domain", "Services\Order\Core\MultiShop.Order.Domain\MultiShop.Order.Domain.csproj", "{8BB882F6-3897-402D-9090-8B2DB1675FF4}"
EndProject
Project("{FAE04EC0-301F-11D3-BF4B-00C04F79EFBC}") = "MultiShop.Order.Application", "Services\Order\Core\MultiShop.Order.Application\MultiShop.Order.Application.csproj", "{66918EEA-C2B8-4D4F-91CD-B4289272E026}"
EndProject
Project("{FAE04EC0-301F-11D3-BF4B-00C04F79EFBC}") = "MultiShop.Order.Persistence", "Services\Order\Infrastructure\MultiShop.Order.Persistence\MultiShop.Order.Persistence.csproj", "{A6176FBA-4F75-497A-A5EA-44ABD7E5E738}"
EndProject
Project("{FAE04EC0-301F-11D3-BF4B-00C04F79EFBC}") = "MultiShop.Order.WebApi", "Order\Presentation\MultiShop.Order.WebApi\MultiShop.Order.WebApi.csproj", "{AC694A1D-990C-4F71-A050-081720BD3201}"
EndProject
Project("{2150E333-8FDC-42A3-9474-1A3956D46DE8}") = "Cargo", "Cargo", "{E02ECD79-4434-4537-9FB9-441835F76B00}"
EndProject
Project("{FAE04EC0-301F-11D3-BF4B-00C04F79EFBC}") = "MultiShop.Cargo.EntityLayer", "Services\Cargo\MultiShop.Cargo.EntityLayer\MultiShop.Cargo.EntityLayer.csproj", "{1E3FDE58-76BE-4412-92C1-071FF6F3A16D}"
EndProject
Project("{FAE04EC0-301F-11D3-BF4B-00C04F79EFBC}") = "MultiShop.Cargo.BusinessLayer", "Services\Cargo\MultiShop.Cargo.BusinessLayer\MultiShop.Cargo.BusinessLayer.csproj", "{51605F50-FE40-47D5-9D94-2D45F5D5FC95}"
EndProject
Project("{FAE04EC0-301F-11D3-BF4B-00C04F79EFBC}") = "MultiShop.Cargo.DataAcsessLayer", "Services\Cargo\MultiShop.Cargo.DataAcsessLayer\MultiShop.Cargo.DataAcsessLayer.csproj", "{6E8ED89E-7E6B-4782-BCC0-C5A9A69DB727}"
EndProject
Project("{FAE04EC0-301F-11D3-BF4B-00C04F79EFBC}") = "MultiShop.Cargo.DtoLayer", "Services\Cargo\MultiShop.Cargo.DtoLayer\MultiShop.Cargo.DtoLayer.csproj", "{D6C39BF6-C855-4C6B-9825-2BB7C0631CBF}"
EndProject
Project("{FAE04EC0-301F-11D3-BF4B-00C04F79EFBC}") = "MultiShop.Cargo.WebApi", "Services\Cargo\MultiShop.Cargo.WebApi\MultiShop.Cargo.WebApi.csproj", "{38CE8F48-1635-4B7D-A4A1-27D2075AC692}"
EndProject
Project("{2150E333-8FDC-42A3-9474-1A3956D46DE8}") = "Requirements", "Requirements", "{C8958672-B44B-4C76-A3F3-241F69AAB383}"
	ProjectSection(SolutionItems) = preProject
		PortNumbers.txt = PortNumbers.txt
	EndProjectSection
EndProject
Project("{2150E333-8FDC-42A3-9474-1A3956D46DE8}") = "Basket", "Basket", "{182AB517-681F-4B86-A7B9-3D3E8AA9E009}"
EndProject
Project("{FAE04EC0-301F-11D3-BF4B-00C04F79EFBC}") = "MultiShop.Basket", "Services\Basket\MultiShop.Basket\MultiShop.Basket.csproj", "{762AE4B5-9013-48C4-8038-00621FF17180}"
EndProject
Project("{2150E333-8FDC-42A3-9474-1A3956D46DE8}") = "Frontends", "Frontends", "{31641CF4-E533-482E-B831-E2E9D4A28321}"
EndProject
Project("{FAE04EC0-301F-11D3-BF4B-00C04F79EFBC}") = "MultiShop.WebUI", "Frontends\MultiShop.WebUI\MultiShop.WebUI.csproj", "{AF73378B-8FDA-4E45-8B47-0645C3A4224F}"
EndProject
Project("{FAE04EC0-301F-11D3-BF4B-00C04F79EFBC}") = "MultiShop.DtoLayer", "Frontends\MultiShop.DtoLayer\MultiShop.DtoLayer.csproj", "{0FB1897B-400E-40A5-8E4C-9E562EF7B95C}"
EndProject
Global
	GlobalSection(SolutionConfigurationPlatforms) = preSolution
		Debug|Any CPU = Debug|Any CPU
		Release|Any CPU = Release|Any CPU
	EndGlobalSection
	GlobalSection(ProjectConfigurationPlatforms) = postSolution
		{F82CEE3D-A894-428C-9AF1-64F69F70AED9}.Debug|Any CPU.ActiveCfg = Debug|Any CPU
		{F82CEE3D-A894-428C-9AF1-64F69F70AED9}.Debug|Any CPU.Build.0 = Debug|Any CPU
		{F82CEE3D-A894-428C-9AF1-64F69F70AED9}.Release|Any CPU.ActiveCfg = Release|Any CPU
		{F82CEE3D-A894-428C-9AF1-64F69F70AED9}.Release|Any CPU.Build.0 = Release|Any CPU
		{44F6A110-D784-4B7B-BB57-983DED887E63}.Debug|Any CPU.ActiveCfg = Debug|Any CPU
		{44F6A110-D784-4B7B-BB57-983DED887E63}.Debug|Any CPU.Build.0 = Debug|Any CPU
		{44F6A110-D784-4B7B-BB57-983DED887E63}.Release|Any CPU.ActiveCfg = Release|Any CPU
		{44F6A110-D784-4B7B-BB57-983DED887E63}.Release|Any CPU.Build.0 = Release|Any CPU
		{8BB882F6-3897-402D-9090-8B2DB1675FF4}.Debug|Any CPU.ActiveCfg = Debug|Any CPU
		{8BB882F6-3897-402D-9090-8B2DB1675FF4}.Debug|Any CPU.Build.0 = Debug|Any CPU
		{8BB882F6-3897-402D-9090-8B2DB1675FF4}.Release|Any CPU.ActiveCfg = Release|Any CPU
		{8BB882F6-3897-402D-9090-8B2DB1675FF4}.Release|Any CPU.Build.0 = Release|Any CPU
		{66918EEA-C2B8-4D4F-91CD-B4289272E026}.Debug|Any CPU.ActiveCfg = Debug|Any CPU
		{66918EEA-C2B8-4D4F-91CD-B4289272E026}.Debug|Any CPU.Build.0 = Debug|Any CPU
		{66918EEA-C2B8-4D4F-91CD-B4289272E026}.Release|Any CPU.ActiveCfg = Release|Any CPU
		{66918EEA-C2B8-4D4F-91CD-B4289272E026}.Release|Any CPU.Build.0 = Release|Any CPU
		{A6176FBA-4F75-497A-A5EA-44ABD7E5E738}.Debug|Any CPU.ActiveCfg = Debug|Any CPU
		{A6176FBA-4F75-497A-A5EA-44ABD7E5E738}.Debug|Any CPU.Build.0 = Debug|Any CPU
		{A6176FBA-4F75-497A-A5EA-44ABD7E5E738}.Release|Any CPU.ActiveCfg = Release|Any CPU
		{A6176FBA-4F75-497A-A5EA-44ABD7E5E738}.Release|Any CPU.Build.0 = Release|Any CPU
		{AC694A1D-990C-4F71-A050-081720BD3201}.Debug|Any CPU.ActiveCfg = Debug|Any CPU
		{AC694A1D-990C-4F71-A050-081720BD3201}.Debug|Any CPU.Build.0 = Debug|Any CPU
		{AC694A1D-990C-4F71-A050-081720BD3201}.Release|Any CPU.ActiveCfg = Release|Any CPU
		{AC694A1D-990C-4F71-A050-081720BD3201}.Release|Any CPU.Build.0 = Release|Any CPU
		{1E3FDE58-76BE-4412-92C1-071FF6F3A16D}.Debug|Any CPU.ActiveCfg = Debug|Any CPU
		{1E3FDE58-76BE-4412-92C1-071FF6F3A16D}.Debug|Any CPU.Build.0 = Debug|Any CPU
		{1E3FDE58-76BE-4412-92C1-071FF6F3A16D}.Release|Any CPU.ActiveCfg = Release|Any CPU
		{1E3FDE58-76BE-4412-92C1-071FF6F3A16D}.Release|Any CPU.Build.0 = Release|Any CPU
		{51605F50-FE40-47D5-9D94-2D45F5D5FC95}.Debug|Any CPU.ActiveCfg = Debug|Any CPU
		{51605F50-FE40-47D5-9D94-2D45F5D5FC95}.Debug|Any CPU.Build.0 = Debug|Any CPU
		{51605F50-FE40-47D5-9D94-2D45F5D5FC95}.Release|Any CPU.ActiveCfg = Release|Any CPU
		{51605F50-FE40-47D5-9D94-2D45F5D5FC95}.Release|Any CPU.Build.0 = Release|Any CPU
		{6E8ED89E-7E6B-4782-BCC0-C5A9A69DB727}.Debug|Any CPU.ActiveCfg = Debug|Any CPU
		{6E8ED89E-7E6B-4782-BCC0-C5A9A69DB727}.Debug|Any CPU.Build.0 = Debug|Any CPU
		{6E8ED89E-7E6B-4782-BCC0-C5A9A69DB727}.Release|Any CPU.ActiveCfg = Release|Any CPU
		{6E8ED89E-7E6B-4782-BCC0-C5A9A69DB727}.Release|Any CPU.Build.0 = Release|Any CPU
		{D6C39BF6-C855-4C6B-9825-2BB7C0631CBF}.Debug|Any CPU.ActiveCfg = Debug|Any CPU
		{D6C39BF6-C855-4C6B-9825-2BB7C0631CBF}.Debug|Any CPU.Build.0 = Debug|Any CPU
		{D6C39BF6-C855-4C6B-9825-2BB7C0631CBF}.Release|Any CPU.ActiveCfg = Release|Any CPU
		{D6C39BF6-C855-4C6B-9825-2BB7C0631CBF}.Release|Any CPU.Build.0 = Release|Any CPU
		{38CE8F48-1635-4B7D-A4A1-27D2075AC692}.Debug|Any CPU.ActiveCfg = Debug|Any CPU
		{38CE8F48-1635-4B7D-A4A1-27D2075AC692}.Debug|Any CPU.Build.0 = Debug|Any CPU
		{38CE8F48-1635-4B7D-A4A1-27D2075AC692}.Release|Any CPU.ActiveCfg = Release|Any CPU
		{38CE8F48-1635-4B7D-A4A1-27D2075AC692}.Release|Any CPU.Build.0 = Release|Any CPU
		{762AE4B5-9013-48C4-8038-00621FF17180}.Debug|Any CPU.ActiveCfg = Debug|Any CPU
		{762AE4B5-9013-48C4-8038-00621FF17180}.Debug|Any CPU.Build.0 = Debug|Any CPU
		{762AE4B5-9013-48C4-8038-00621FF17180}.Release|Any CPU.ActiveCfg = Release|Any CPU
		{762AE4B5-9013-48C4-8038-00621FF17180}.Release|Any CPU.Build.0 = Release|Any CPU
		{AF73378B-8FDA-4E45-8B47-0645C3A4224F}.Debug|Any CPU.ActiveCfg = Debug|Any CPU
		{AF73378B-8FDA-4E45-8B47-0645C3A4224F}.Debug|Any CPU.Build.0 = Debug|Any CPU
		{AF73378B-8FDA-4E45-8B47-0645C3A4224F}.Release|Any CPU.ActiveCfg = Release|Any CPU
		{AF73378B-8FDA-4E45-8B47-0645C3A4224F}.Release|Any CPU.Build.0 = Release|Any CPU
		{0FB1897B-400E-40A5-8E4C-9E562EF7B95C}.Debug|Any CPU.ActiveCfg = Debug|Any CPU
		{0FB1897B-400E-40A5-8E4C-9E562EF7B95C}.Debug|Any CPU.Build.0 = Debug|Any CPU
		{0FB1897B-400E-40A5-8E4C-9E562EF7B95C}.Release|Any CPU.ActiveCfg = Release|Any CPU
		{0FB1897B-400E-40A5-8E4C-9E562EF7B95C}.Release|Any CPU.Build.0 = Release|Any CPU
	EndGlobalSection
	GlobalSection(SolutionProperties) = preSolution
		HideSolutionNode = FALSE
	EndGlobalSection
	GlobalSection(NestedProjects) = preSolution
		{26FB80C4-4B3A-4E54-8E22-75F22C0E3F24} = {D6FB6801-D6B1-46B5-BC25-71BA2D8A3953}
		{F82CEE3D-A894-428C-9AF1-64F69F70AED9} = {26FB80C4-4B3A-4E54-8E22-75F22C0E3F24}
		{6913C5E7-F15D-4FBD-8095-E93ACD0ECB0E} = {D6FB6801-D6B1-46B5-BC25-71BA2D8A3953}
		{44F6A110-D784-4B7B-BB57-983DED887E63} = {6913C5E7-F15D-4FBD-8095-E93ACD0ECB0E}
		{BEB23DCA-0981-4380-9BB3-1893ADC1B8DB} = {D6FB6801-D6B1-46B5-BC25-71BA2D8A3953}
		{2FBEFF81-DE4C-4ED4-8C67-550BD3F95169} = {BEB23DCA-0981-4380-9BB3-1893ADC1B8DB}
		{633CC6F6-AA01-4409-8B3A-C3A2B25CAB81} = {BEB23DCA-0981-4380-9BB3-1893ADC1B8DB}
		{53C66898-65ED-44DC-8387-5424BB4D87DA} = {BEB23DCA-0981-4380-9BB3-1893ADC1B8DB}
		{8BB882F6-3897-402D-9090-8B2DB1675FF4} = {2FBEFF81-DE4C-4ED4-8C67-550BD3F95169}
		{66918EEA-C2B8-4D4F-91CD-B4289272E026} = {2FBEFF81-DE4C-4ED4-8C67-550BD3F95169}
		{A6176FBA-4F75-497A-A5EA-44ABD7E5E738} = {633CC6F6-AA01-4409-8B3A-C3A2B25CAB81}
		{AC694A1D-990C-4F71-A050-081720BD3201} = {53C66898-65ED-44DC-8387-5424BB4D87DA}
		{E02ECD79-4434-4537-9FB9-441835F76B00} = {D6FB6801-D6B1-46B5-BC25-71BA2D8A3953}
		{1E3FDE58-76BE-4412-92C1-071FF6F3A16D} = {E02ECD79-4434-4537-9FB9-441835F76B00}
		{51605F50-FE40-47D5-9D94-2D45F5D5FC95} = {E02ECD79-4434-4537-9FB9-441835F76B00}
		{6E8ED89E-7E6B-4782-BCC0-C5A9A69DB727} = {E02ECD79-4434-4537-9FB9-441835F76B00}
		{D6C39BF6-C855-4C6B-9825-2BB7C0631CBF} = {E02ECD79-4434-4537-9FB9-441835F76B00}
		{38CE8F48-1635-4B7D-A4A1-27D2075AC692} = {E02ECD79-4434-4537-9FB9-441835F76B00}
		{182AB517-681F-4B86-A7B9-3D3E8AA9E009} = {D6FB6801-D6B1-46B5-BC25-71BA2D8A3953}
		{762AE4B5-9013-48C4-8038-00621FF17180} = {182AB517-681F-4B86-A7B9-3D3E8AA9E009}
		{AF73378B-8FDA-4E45-8B47-0645C3A4224F} = {31641CF4-E533-482E-B831-E2E9D4A28321}
		{0FB1897B-400E-40A5-8E4C-9E562EF7B95C} = {31641CF4-E533-482E-B831-E2E9D4A28321}
	EndGlobalSection
EndGlobal
