
Microsoft Visual Studio Solution File, Format Version 12.00
# Visual Studio Version 17
VisualStudioVersion = 17.12.35514.174
MinimumVisualStudioVersion = 10.0.40219.1
Project("{2150E333-8FDC-42A3-9474-1A3956D46DE8}") = "Services", "Services", "{D6FB6801-D6B1-46B5-BC25-71BA2D8A3953}"
EndProject
Project("{2150E333-8FDC-42A3-9474-1A3956D46DE8}") = "Catalog", "Catalog", "{26FB80C4-4B3A-4E54-8E22-75F22C0E3F24}"
EndProject
Project("{FAE04EC0-301F-11D3-BF4B-00C04F79EFBC}") = "MultiShop.Catalog", "Services\Catalog\MultiShop.Catalog\MultiShop.Catalog.csproj", "{F82CEE3D-A894-428C-9AF1-64F69F70AED9}"
EndProject
Project("{2150E333-8FDC-42A3-9474-1A3956D46DE8}") = "Discount", "Discount", "{6913C5E7-F15D-4FBD-8095-E93ACD0ECB0E}"
EndProject
Project("{FAE04EC0-301F-11D3-BF4B-00C04F79EFBC}") = "MultiShop.Discount", "Services\Discount\MultiShop.Discount\MultiShop.Discount.csproj", "{44F6A110-D784-4B7B-BB57-983DED887E63}"
EndProject
Project("{2150E333-8FDC-42A3-9474-1A3956D46DE8}") = "Order", "Order", "{BEB23DCA-0981-4380-9BB3-1893ADC1B8DB}"
EndProject
Project("{2150E333-8FDC-42A3-9474-1A3956D46DE8}") = "Core", "Core", "{2FBEFF81-DE4C-4ED4-8C67-550BD3F95169}"
EndProject
Project("{2150E333-8FDC-42A3-9474-1A3956D46DE8}") = "Infrastructure", "Infrastructure", "{633CC6F6-AA01-4409-8B3A-C3A2B25CAB81}"
EndProject
Project("{2150E333-8FDC-42A3-9474-1A3956D46DE8}") = "Presentation", "Presentation", "{53C66898-65ED-44DC-8387-5424BB4D87DA}"
EndProject
Project("{FAE04EC0-301F-11D3-BF4B-00C04F79EFBC}") = "MultiShop.Order.Domain", "Services\Order\Core\MultiShop.Order.Domain\MultiShop.Order.Domain.csproj", "{8BB882F6-3897-402D-9090-8B2DB1675FF4}"
EndProject
Project("{FAE04EC0-301F-11D3-BF4B-00C04F79EFBC}") = "MultiShop.Order.Application", "Services\Order\Core\MultiShop.Order.Application\MultiShop.Order.Application.csproj", "{66918EEA-C2B8-4D4F-91CD-B4289272E026}"
EndProject
Project("{FAE04EC0-301F-11D3-BF4B-00C04F79EFBC}") = "MultiShop.Order.Persistence", "Services\Order\Infrastructure\MultiShop.Order.Persistence\MultiShop.Order.Persistence.csproj", "{A6176FBA-4F75-497A-A5EA-44ABD7E5E738}"
EndProject
Project("{FAE04EC0-301F-11D3-BF4B-00C04F79EFBC}") = "MultiShop.Order.WebApi", "Order\Presentation\MultiShop.Order.WebApi\MultiShop.Order.WebApi.csproj", "{AC694A1D-990C-4F71-A050-081720BD3201}"
EndProject
Global
	GlobalSection(SolutionConfigurationPlatforms) = preSolution
		Debug|Any CPU = Debug|Any CPU
		Release|Any CPU = Release|Any CPU
	EndGlobalSection
	GlobalSection(ProjectConfigurationPlatforms) = postSolution
		{F82CEE3D-A894-428C-9AF1-64F69F70AED9}.Debug|Any CPU.ActiveCfg = Debug|Any CPU
		{F82CEE3D-A894-428C-9AF1-64F69F70AED9}.Debug|Any CPU.Build.0 = Debug|Any CPU
		{F82CEE3D-A894-428C-9AF1-64F69F70AED9}.Release|Any CPU.ActiveCfg = Release|Any CPU
		{F82CEE3D-A894-428C-9AF1-64F69F70AED9}.Release|Any CPU.Build.0 = Release|Any CPU
		{44F6A110-D784-4B7B-BB57-983DED887E63}.Debug|Any CPU.ActiveCfg = Debug|Any CPU
		{44F6A110-D784-4B7B-BB57-983DED887E63}.Debug|Any CPU.Build.0 = Debug|Any CPU
		{44F6A110-D784-4B7B-BB57-983DED887E63}.Release|Any CPU.ActiveCfg = Release|Any CPU
		{44F6A110-D784-4B7B-BB57-983DED887E63}.Release|Any CPU.Build.0 = Release|Any CPU
		{8BB882F6-3897-402D-9090-8B2DB1675FF4}.Debug|Any CPU.ActiveCfg = Debug|Any CPU
		{8BB882F6-3897-402D-9090-8B2DB1675FF4}.Debug|Any CPU.Build.0 = Debug|Any CPU
		{8BB882F6-3897-402D-9090-8B2DB1675FF4}.Release|Any CPU.ActiveCfg = Release|Any CPU
		{8BB882F6-3897-402D-9090-8B2DB1675FF4}.Release|Any CPU.Build.0 = Release|Any CPU
		{66918EEA-C2B8-4D4F-91CD-B4289272E026}.Debug|Any CPU.ActiveCfg = Debug|Any CPU
		{66918EEA-C2B8-4D4F-91CD-B4289272E026}.Debug|Any CPU.Build.0 = Debug|Any CPU
		{66918EEA-C2B8-4D4F-91CD-B4289272E026}.Release|Any CPU.ActiveCfg = Release|Any CPU
		{66918EEA-C2B8-4D4F-91CD-B4289272E026}.Release|Any CPU.Build.0 = Release|Any CPU
		{A6176FBA-4F75-497A-A5EA-44ABD7E5E738}.Debug|Any CPU.ActiveCfg = Debug|Any CPU
		{A6176FBA-4F75-497A-A5EA-44ABD7E5E738}.Debug|Any CPU.Build.0 = Debug|Any CPU
		{A6176FBA-4F75-497A-A5EA-44ABD7E5E738}.Release|Any CPU.ActiveCfg = Release|Any CPU
		{A6176FBA-4F75-497A-A5EA-44ABD7E5E738}.Release|Any CPU.Build.0 = Release|Any CPU
		{AC694A1D-990C-4F71-A050-081720BD3201}.Debug|Any CPU.ActiveCfg = Debug|Any CPU
		{AC694A1D-990C-4F71-A050-081720BD3201}.Debug|Any CPU.Build.0 = Debug|Any CPU
		{AC694A1D-990C-4F71-A050-081720BD3201}.Release|Any CPU.ActiveCfg = Release|Any CPU
		{AC694A1D-990C-4F71-A050-081720BD3201}.Release|Any CPU.Build.0 = Release|Any CPU
	EndGlobalSection
	GlobalSection(SolutionProperties) = preSolution
		HideSolutionNode = FALSE
	EndGlobalSection
	GlobalSection(NestedProjects) = preSolution
		{26FB80C4-4B3A-4E54-8E22-75F22C0E3F24} = {D6FB6801-D6B1-46B5-BC25-71BA2D8A3953}
		{F82CEE3D-A894-428C-9AF1-64F69F70AED9} = {26FB80C4-4B3A-4E54-8E22-75F22C0E3F24}
		{6913C5E7-F15D-4FBD-8095-E93ACD0ECB0E} = {D6FB6801-D6B1-46B5-BC25-71BA2D8A3953}
		{44F6A110-D784-4B7B-BB57-983DED887E63} = {6913C5E7-F15D-4FBD-8095-E93ACD0ECB0E}
		{BEB23DCA-0981-4380-9BB3-1893ADC1B8DB} = {D6FB6801-D6B1-46B5-BC25-71BA2D8A3953}
		{2FBEFF81-DE4C-4ED4-8C67-550BD3F95169} = {BEB23DCA-0981-4380-9BB3-1893ADC1B8DB}
		{633CC6F6-AA01-4409-8B3A-C3A2B25CAB81} = {BEB23DCA-0981-4380-9BB3-1893ADC1B8DB}
		{53C66898-65ED-44DC-8387-5424BB4D87DA} = {BEB23DCA-0981-4380-9BB3-1893ADC1B8DB}
		{8BB882F6-3897-402D-9090-8B2DB1675FF4} = {2FBEFF81-DE4C-4ED4-8C67-550BD3F95169}
		{66918EEA-C2B8-4D4F-91CD-B4289272E026} = {2FBEFF81-DE4C-4ED4-8C67-550BD3F95169}
		{A6176FBA-4F75-497A-A5EA-44ABD7E5E738} = {633CC6F6-AA01-4409-8B3A-C3A2B25CAB81}
		{AC694A1D-990C-4F71-A050-081720BD3201} = {53C66898-65ED-44DC-8387-5424BB4D87DA}
	EndGlobalSection
EndGlobal
