
Microsoft Visual Studio Solution File, Format Version 12.00
# Visual Studio Version 17
VisualStudioVersion = 17.12.35514.174
MinimumVisualStudioVersion = 10.0.40219.1
Project("{2150E333-8FDC-42A3-9474-1A3956D46DE8}") = "Services", "Services", "{D6FB6801-D6B1-46B5-BC25-71BA2D8A3953}"
EndProject
Project("{2150E333-8FDC-42A3-9474-1A3956D46DE8}") = "Catalog", "Catalog", "{26FB80C4-4B3A-4E54-8E22-75F22C0E3F24}"
EndProject
Project("{FAE04EC0-301F-11D3-BF4B-00C04F79EFBC}") = "MultiShop.Catalog", "Services\Catalog\MultiShop.Catalog\MultiShop.Catalog.csproj", "{F82CEE3D-A894-428C-9AF1-64F69F70AED9}"
EndProject
Global
	GlobalSection(SolutionConfigurationPlatforms) = preSolution
		Debug|Any CPU = Debug|Any CPU
		Release|Any CPU = Release|Any CPU
	EndGlobalSection
	GlobalSection(ProjectConfigurationPlatforms) = postSolution
		{F82CEE3D-A894-428C-9AF1-64F69F70AED9}.Debug|Any CPU.ActiveCfg = Debug|Any CPU
		{F82CEE3D-A894-428C-9AF1-64F69F70AED9}.Debug|Any CPU.Build.0 = Debug|Any CPU
		{F82CEE3D-A894-428C-9AF1-64F69F70AED9}.Release|Any CPU.ActiveCfg = Release|Any CPU
		{F82CEE3D-A894-428C-9AF1-64F69F70AED9}.Release|Any CPU.Build.0 = Release|Any CPU
	EndGlobalSection
	GlobalSection(SolutionProperties) = preSolution
		HideSolutionNode = FALSE
	EndGlobalSection
	GlobalSection(NestedProjects) = preSolution
		{26FB80C4-4B3A-4E54-8E22-75F22C0E3F24} = {D6FB6801-D6B1-46B5-BC25-71BA2D8A3953}
		{F82CEE3D-A894-428C-9AF1-64F69F70AED9} = {26FB80C4-4B3A-4E54-8E22-75F22C0E3F24}
	EndGlobalSection
EndGlobal
